// !$*UTF8*$!
{
	archiveVersion = 1;
	classes = {
	};
	objectVersion = 46;
	objects = {

/* Begin PBXBuildFile section */
		04093F6718029EFD007ECC71 /* Foundation.framework in Frameworks */ = {isa = PBXBuildFile; fileRef = 04093F6618029EFD007ECC71 /* Foundation.framework */; };
		04093F6918029EFD007ECC71 /* CoreGraphics.framework in Frameworks */ = {isa = PBXBuildFile; fileRef = 04093F6818029EFD007ECC71 /* CoreGraphics.framework */; };
		04093F6B18029EFD007ECC71 /* UIKit.framework in Frameworks */ = {isa = PBXBuildFile; fileRef = 04093F6A18029EFD007ECC71 /* UIKit.framework */; };
		04093F7118029EFD007ECC71 /* InfoPlist.strings in Resources */ = {isa = PBXBuildFile; fileRef = 04093F6F18029EFD007ECC71 /* InfoPlist.strings */; };
		04093F7318029EFD007ECC71 /* main.m in Sources */ = {isa = PBXBuildFile; fileRef = 04093F7218029EFD007ECC71 /* main.m */; };
		04093F7718029EFD007ECC71 /* AppDelegate.m in Sources */ = {isa = PBXBuildFile; fileRef = 04093F7618029EFD007ECC71 /* AppDelegate.m */; };
		04093F7A18029EFD007ECC71 /* Main.storyboard in Resources */ = {isa = PBXBuildFile; fileRef = 04093F7818029EFD007ECC71 /* Main.storyboard */; };
		04093F7D18029EFD007ECC71 /* ViewController.m in Sources */ = {isa = PBXBuildFile; fileRef = 04093F7C18029EFD007ECC71 /* ViewController.m */; };
		04093F7F18029EFD007ECC71 /* Images.xcassets in Resources */ = {isa = PBXBuildFile; fileRef = 04093F7E18029EFD007ECC71 /* Images.xcassets */; };
		04093F8618029EFD007ECC71 /* XCTest.framework in Frameworks */ = {isa = PBXBuildFile; fileRef = 04093F8518029EFD007ECC71 /* XCTest.framework */; };
		04093F8718029EFD007ECC71 /* Foundation.framework in Frameworks */ = {isa = PBXBuildFile; fileRef = 04093F6618029EFD007ECC71 /* Foundation.framework */; };
		04093F8818029EFD007ECC71 /* UIKit.framework in Frameworks */ = {isa = PBXBuildFile; fileRef = 04093F6A18029EFD007ECC71 /* UIKit.framework */; };
		04093F9018029EFD007ECC71 /* InfoPlist.strings in Resources */ = {isa = PBXBuildFile; fileRef = 04093F8E18029EFD007ECC71 /* InfoPlist.strings */; };
		04093F9218029EFD007ECC71 /* CalculatorTests.m in Sources */ = {isa = PBXBuildFile; fileRef = 04093F9118029EFD007ECC71 /* CalculatorTests.m */; };
		041A3DA9180BD8CB00505924 /* MathUtil.m in Sources */ = {isa = PBXBuildFile; fileRef = 041A3DA8180BD8CB00505924 /* MathUtil.m */; };
		049045B5180E2EE9002322FA /* _DDFunctionContainer.m in Sources */ = {isa = PBXBuildFile; fileRef = 04904589180E2EE9002322FA /* _DDFunctionContainer.m */; };
		049045B6180E2EE9002322FA /* _DDFunctionExpression.m in Sources */ = {isa = PBXBuildFile; fileRef = 0490458B180E2EE9002322FA /* _DDFunctionExpression.m */; };
		049045B7180E2EE9002322FA /* _DDFunctionTerm.m in Sources */ = {isa = PBXBuildFile; fileRef = 0490458D180E2EE9002322FA /* _DDFunctionTerm.m */; };
		049045B8180E2EE9002322FA /* _DDFunctionUtilities.m in Sources */ = {isa = PBXBuildFile; fileRef = 0490458F180E2EE9002322FA /* _DDFunctionUtilities.m */; };
		049045B9180E2EE9002322FA /* _DDGroupTerm.m in Sources */ = {isa = PBXBuildFile; fileRef = 04904591180E2EE9002322FA /* _DDGroupTerm.m */; };
		049045BA180E2EE9002322FA /* _DDNumberExpression.m in Sources */ = {isa = PBXBuildFile; fileRef = 04904593180E2EE9002322FA /* _DDNumberExpression.m */; };
		049045BB180E2EE9002322FA /* _DDNumberTerm.m in Sources */ = {isa = PBXBuildFile; fileRef = 04904595180E2EE9002322FA /* _DDNumberTerm.m */; };
		049045BC180E2EE9002322FA /* _DDOperatorInfo.m in Sources */ = {isa = PBXBuildFile; fileRef = 04904597180E2EE9002322FA /* _DDOperatorInfo.m */; };
		049045BD180E2EE9002322FA /* _DDOperatorTerm.m in Sources */ = {isa = PBXBuildFile; fileRef = 04904599180E2EE9002322FA /* _DDOperatorTerm.m */; };
		049045BE180E2EE9002322FA /* _DDParserTerm.m in Sources */ = {isa = PBXBuildFile; fileRef = 0490459B180E2EE9002322FA /* _DDParserTerm.m */; };
		049045BF180E2EE9002322FA /* _DDRewriteRule.m in Sources */ = {isa = PBXBuildFile; fileRef = 0490459D180E2EE9002322FA /* _DDRewriteRule.m */; };
		049045C0180E2EE9002322FA /* _DDVariableExpression.m in Sources */ = {isa = PBXBuildFile; fileRef = 0490459F180E2EE9002322FA /* _DDVariableExpression.m */; };
		049045C1180E2EE9002322FA /* _DDVariableTerm.m in Sources */ = {isa = PBXBuildFile; fileRef = 049045A1180E2EE9002322FA /* _DDVariableTerm.m */; };
		049045C2180E2EE9002322FA /* DDExpression.m in Sources */ = {isa = PBXBuildFile; fileRef = 049045A3180E2EE9002322FA /* DDExpression.m */; };
		049045C3180E2EE9002322FA /* DDMathEvaluator.m in Sources */ = {isa = PBXBuildFile; fileRef = 049045A6180E2EE9002322FA /* DDMathEvaluator.m */; };
		049045C4180E2EE9002322FA /* DDMathStringToken.m in Sources */ = {isa = PBXBuildFile; fileRef = 049045AA180E2EE9002322FA /* DDMathStringToken.m */; };
		049045C5180E2EE9002322FA /* DDMathStringTokenizer.m in Sources */ = {isa = PBXBuildFile; fileRef = 049045AC180E2EE9002322FA /* DDMathStringTokenizer.m */; };
		049045C6180E2EE9002322FA /* DDParser.m in Sources */ = {isa = PBXBuildFile; fileRef = 049045AE180E2EE9002322FA /* DDParser.m */; };
		049045C7180E2EE9002322FA /* DDParserTypes.m in Sources */ = {isa = PBXBuildFile; fileRef = 049045B0180E2EE9002322FA /* DDParserTypes.m */; };
		049045C8180E2EE9002322FA /* DDTypes.m in Sources */ = {isa = PBXBuildFile; fileRef = 049045B2180E2EE9002322FA /* DDTypes.m */; };
		049045C9180E2EE9002322FA /* NSString+DDMathParsing.m in Sources */ = {isa = PBXBuildFile; fileRef = 049045B4180E2EE9002322FA /* NSString+DDMathParsing.m */; };
		049045D1180E3D89002322FA /* gray.png in Resources */ = {isa = PBXBuildFile; fileRef = 049045CB180E3D89002322FA /* gray.png */; };
		049045D2180E3D89002322FA /* gray.xcf in Resources */ = {isa = PBXBuildFile; fileRef = 049045CC180E3D89002322FA /* gray.xcf */; };
		049045D3180E3D89002322FA /* orange.png in Resources */ = {isa = PBXBuildFile; fileRef = 049045CD180E3D89002322FA /* orange.png */; };
		049045D4180E3D89002322FA /* orange.xcf in Resources */ = {isa = PBXBuildFile; fileRef = 049045CE180E3D89002322FA /* orange.xcf */; };
		049045D5180E3D89002322FA /* white.png in Resources */ = {isa = PBXBuildFile; fileRef = 049045CF180E3D89002322FA /* white.png */; };
		049045D6180E3D89002322FA /* white.xcf in Resources */ = {isa = PBXBuildFile; fileRef = 049045D0180E3D89002322FA /* white.xcf */; };
		049045D8180E408D002322FA /* icon120.png in Resources */ = {isa = PBXBuildFile; fileRef = 049045D7180E408D002322FA /* icon120.png */; };
		049045DB180E4287002322FA /* Portrait2X.png in Resources */ = {isa = PBXBuildFile; fileRef = 049045D9180E4287002322FA /* Portrait2X.png */; };
		049045DC180E4287002322FA /* Portrait4X.png in Resources */ = {isa = PBXBuildFile; fileRef = 049045DA180E4287002322FA /* Portrait4X.png */; };
/* End PBXBuildFile section */

/* Begin PBXContainerItemProxy section */
		04093F8918029EFD007ECC71 /* PBXContainerItemProxy */ = {
			isa = PBXContainerItemProxy;
			containerPortal = 04093F5B18029EFD007ECC71 /* Project object */;
			proxyType = 1;
			remoteGlobalIDString = 04093F6218029EFD007ECC71;
			remoteInfo = Calculator;
		};
/* End PBXContainerItemProxy section */

/* Begin PBXFileReference section */
		04093F6318029EFD007ECC71 /* Calculator.app */ = {isa = PBXFileReference; explicitFileType = wrapper.application; includeInIndex = 0; path = Calculator.app; sourceTree = BUILT_PRODUCTS_DIR; };
		04093F6618029EFD007ECC71 /* Foundation.framework */ = {isa = PBXFileReference; lastKnownFileType = wrapper.framework; name = Foundation.framework; path = System/Library/Frameworks/Foundation.framework; sourceTree = SDKROOT; };
		04093F6818029EFD007ECC71 /* CoreGraphics.framework */ = {isa = PBXFileReference; lastKnownFileType = wrapper.framework; name = CoreGraphics.framework; path = System/Library/Frameworks/CoreGraphics.framework; sourceTree = SDKROOT; };
		04093F6A18029EFD007ECC71 /* UIKit.framework */ = {isa = PBXFileReference; lastKnownFileType = wrapper.framework; name = UIKit.framework; path = System/Library/Frameworks/UIKit.framework; sourceTree = SDKROOT; };
		04093F6E18029EFD007ECC71 /* Calculator-Info.plist */ = {isa = PBXFileReference; lastKnownFileType = text.plist.xml; path = "Calculator-Info.plist"; sourceTree = "<group>"; };
		04093F7018029EFD007ECC71 /* en */ = {isa = PBXFileReference; lastKnownFileType = text.plist.strings; name = en; path = en.lproj/InfoPlist.strings; sourceTree = "<group>"; };
		04093F7218029EFD007ECC71 /* main.m */ = {isa = PBXFileReference; lastKnownFileType = sourcecode.c.objc; path = main.m; sourceTree = "<group>"; };
		04093F7418029EFD007ECC71 /* Calculator-Prefix.pch */ = {isa = PBXFileReference; lastKnownFileType = sourcecode.c.h; path = "Calculator-Prefix.pch"; sourceTree = "<group>"; };
		04093F7518029EFD007ECC71 /* AppDelegate.h */ = {isa = PBXFileReference; lastKnownFileType = sourcecode.c.h; path = AppDelegate.h; sourceTree = "<group>"; };
		04093F7618029EFD007ECC71 /* AppDelegate.m */ = {isa = PBXFileReference; lastKnownFileType = sourcecode.c.objc; path = AppDelegate.m; sourceTree = "<group>"; };
		04093F7918029EFD007ECC71 /* Base */ = {isa = PBXFileReference; lastKnownFileType = file.storyboard; name = Base; path = Base.lproj/Main.storyboard; sourceTree = "<group>"; };
		04093F7B18029EFD007ECC71 /* ViewController.h */ = {isa = PBXFileReference; lastKnownFileType = sourcecode.c.h; path = ViewController.h; sourceTree = "<group>"; };
		04093F7C18029EFD007ECC71 /* ViewController.m */ = {isa = PBXFileReference; lastKnownFileType = sourcecode.c.objc; path = ViewController.m; sourceTree = "<group>"; };
		04093F7E18029EFD007ECC71 /* Images.xcassets */ = {isa = PBXFileReference; lastKnownFileType = folder.assetcatalog; path = Images.xcassets; sourceTree = "<group>"; };
		04093F8418029EFD007ECC71 /* CalculatorTests.xctest */ = {isa = PBXFileReference; explicitFileType = wrapper.cfbundle; includeInIndex = 0; path = CalculatorTests.xctest; sourceTree = BUILT_PRODUCTS_DIR; };
		04093F8518029EFD007ECC71 /* XCTest.framework */ = {isa = PBXFileReference; lastKnownFileType = wrapper.framework; name = XCTest.framework; path = Library/Frameworks/XCTest.framework; sourceTree = DEVELOPER_DIR; };
		04093F8D18029EFD007ECC71 /* CalculatorTests-Info.plist */ = {isa = PBXFileReference; lastKnownFileType = text.plist.xml; path = "CalculatorTests-Info.plist"; sourceTree = "<group>"; };
		04093F8F18029EFD007ECC71 /* en */ = {isa = PBXFileReference; lastKnownFileType = text.plist.strings; name = en; path = en.lproj/InfoPlist.strings; sourceTree = "<group>"; };
		04093F9118029EFD007ECC71 /* CalculatorTests.m */ = {isa = PBXFileReference; lastKnownFileType = sourcecode.c.objc; path = CalculatorTests.m; sourceTree = "<group>"; };
		041A3DA7180BD8CB00505924 /* MathUtil.h */ = {isa = PBXFileReference; fileEncoding = 4; lastKnownFileType = sourcecode.c.h; path = MathUtil.h; sourceTree = "<group>"; };
		041A3DA8180BD8CB00505924 /* MathUtil.m */ = {isa = PBXFileReference; fileEncoding = 4; lastKnownFileType = sourcecode.c.objc; path = MathUtil.m; sourceTree = "<group>"; };
		04904588180E2EE9002322FA /* _DDFunctionContainer.h */ = {isa = PBXFileReference; fileEncoding = 4; lastKnownFileType = sourcecode.c.h; path = _DDFunctionContainer.h; sourceTree = "<group>"; };
		04904589180E2EE9002322FA /* _DDFunctionContainer.m */ = {isa = PBXFileReference; fileEncoding = 4; lastKnownFileType = sourcecode.c.objc; path = _DDFunctionContainer.m; sourceTree = "<group>"; };
		0490458A180E2EE9002322FA /* _DDFunctionExpression.h */ = {isa = PBXFileReference; fileEncoding = 4; lastKnownFileType = sourcecode.c.h; path = _DDFunctionExpression.h; sourceTree = "<group>"; };
		0490458B180E2EE9002322FA /* _DDFunctionExpression.m */ = {isa = PBXFileReference; fileEncoding = 4; lastKnownFileType = sourcecode.c.objc; path = _DDFunctionExpression.m; sourceTree = "<group>"; };
		0490458C180E2EE9002322FA /* _DDFunctionTerm.h */ = {isa = PBXFileReference; fileEncoding = 4; lastKnownFileType = sourcecode.c.h; path = _DDFunctionTerm.h; sourceTree = "<group>"; };
		0490458D180E2EE9002322FA /* _DDFunctionTerm.m */ = {isa = PBXFileReference; fileEncoding = 4; lastKnownFileType = sourcecode.c.objc; path = _DDFunctionTerm.m; sourceTree = "<group>"; };
		0490458E180E2EE9002322FA /* _DDFunctionUtilities.h */ = {isa = PBXFileReference; fileEncoding = 4; lastKnownFileType = sourcecode.c.h; path = _DDFunctionUtilities.h; sourceTree = "<group>"; };
		0490458F180E2EE9002322FA /* _DDFunctionUtilities.m */ = {isa = PBXFileReference; fileEncoding = 4; lastKnownFileType = sourcecode.c.objc; path = _DDFunctionUtilities.m; sourceTree = "<group>"; };
		04904590180E2EE9002322FA /* _DDGroupTerm.h */ = {isa = PBXFileReference; fileEncoding = 4; lastKnownFileType = sourcecode.c.h; path = _DDGroupTerm.h; sourceTree = "<group>"; };
		04904591180E2EE9002322FA /* _DDGroupTerm.m */ = {isa = PBXFileReference; fileEncoding = 4; lastKnownFileType = sourcecode.c.objc; path = _DDGroupTerm.m; sourceTree = "<group>"; };
		04904592180E2EE9002322FA /* _DDNumberExpression.h */ = {isa = PBXFileReference; fileEncoding = 4; lastKnownFileType = sourcecode.c.h; path = _DDNumberExpression.h; sourceTree = "<group>"; };
		04904593180E2EE9002322FA /* _DDNumberExpression.m */ = {isa = PBXFileReference; fileEncoding = 4; lastKnownFileType = sourcecode.c.objc; path = _DDNumberExpression.m; sourceTree = "<group>"; };
		04904594180E2EE9002322FA /* _DDNumberTerm.h */ = {isa = PBXFileReference; fileEncoding = 4; lastKnownFileType = sourcecode.c.h; path = _DDNumberTerm.h; sourceTree = "<group>"; };
		04904595180E2EE9002322FA /* _DDNumberTerm.m */ = {isa = PBXFileReference; fileEncoding = 4; lastKnownFileType = sourcecode.c.objc; path = _DDNumberTerm.m; sourceTree = "<group>"; };
		04904596180E2EE9002322FA /* _DDOperatorInfo.h */ = {isa = PBXFileReference; fileEncoding = 4; lastKnownFileType = sourcecode.c.h; path = _DDOperatorInfo.h; sourceTree = "<group>"; };
		04904597180E2EE9002322FA /* _DDOperatorInfo.m */ = {isa = PBXFileReference; fileEncoding = 4; lastKnownFileType = sourcecode.c.objc; path = _DDOperatorInfo.m; sourceTree = "<group>"; };
		04904598180E2EE9002322FA /* _DDOperatorTerm.h */ = {isa = PBXFileReference; fileEncoding = 4; lastKnownFileType = sourcecode.c.h; path = _DDOperatorTerm.h; sourceTree = "<group>"; };
		04904599180E2EE9002322FA /* _DDOperatorTerm.m */ = {isa = PBXFileReference; fileEncoding = 4; lastKnownFileType = sourcecode.c.objc; path = _DDOperatorTerm.m; sourceTree = "<group>"; };
		0490459A180E2EE9002322FA /* _DDParserTerm.h */ = {isa = PBXFileReference; fileEncoding = 4; lastKnownFileType = sourcecode.c.h; path = _DDParserTerm.h; sourceTree = "<group>"; };
		0490459B180E2EE9002322FA /* _DDParserTerm.m */ = {isa = PBXFileReference; fileEncoding = 4; lastKnownFileType = sourcecode.c.objc; path = _DDParserTerm.m; sourceTree = "<group>"; };
		0490459C180E2EE9002322FA /* _DDRewriteRule.h */ = {isa = PBXFileReference; fileEncoding = 4; lastKnownFileType = sourcecode.c.h; path = _DDRewriteRule.h; sourceTree = "<group>"; };
		0490459D180E2EE9002322FA /* _DDRewriteRule.m */ = {isa = PBXFileReference; fileEncoding = 4; lastKnownFileType = sourcecode.c.objc; path = _DDRewriteRule.m; sourceTree = "<group>"; };
		0490459E180E2EE9002322FA /* _DDVariableExpression.h */ = {isa = PBXFileReference; fileEncoding = 4; lastKnownFileType = sourcecode.c.h; path = _DDVariableExpression.h; sourceTree = "<group>"; };
		0490459F180E2EE9002322FA /* _DDVariableExpression.m */ = {isa = PBXFileReference; fileEncoding = 4; lastKnownFileType = sourcecode.c.objc; path = _DDVariableExpression.m; sourceTree = "<group>"; };
		049045A0180E2EE9002322FA /* _DDVariableTerm.h */ = {isa = PBXFileReference; fileEncoding = 4; lastKnownFileType = sourcecode.c.h; path = _DDVariableTerm.h; sourceTree = "<group>"; };
		049045A1180E2EE9002322FA /* _DDVariableTerm.m */ = {isa = PBXFileReference; fileEncoding = 4; lastKnownFileType = sourcecode.c.objc; path = _DDVariableTerm.m; sourceTree = "<group>"; };
		049045A2180E2EE9002322FA /* DDExpression.h */ = {isa = PBXFileReference; fileEncoding = 4; lastKnownFileType = sourcecode.c.h; path = DDExpression.h; sourceTree = "<group>"; };
		049045A3180E2EE9002322FA /* DDExpression.m */ = {isa = PBXFileReference; fileEncoding = 4; lastKnownFileType = sourcecode.c.objc; path = DDExpression.m; sourceTree = "<group>"; };
		049045A4180E2EE9002322FA /* DDMathEvaluator+Private.h */ = {isa = PBXFileReference; fileEncoding = 4; lastKnownFileType = sourcecode.c.h; path = "DDMathEvaluator+Private.h"; sourceTree = "<group>"; };
		049045A5180E2EE9002322FA /* DDMathEvaluator.h */ = {isa = PBXFileReference; fileEncoding = 4; lastKnownFileType = sourcecode.c.h; path = DDMathEvaluator.h; sourceTree = "<group>"; };
		049045A6180E2EE9002322FA /* DDMathEvaluator.m */ = {isa = PBXFileReference; fileEncoding = 4; lastKnownFileType = sourcecode.c.objc; path = DDMathEvaluator.m; sourceTree = "<group>"; };
		049045A7180E2EE9002322FA /* DDMathParser.h */ = {isa = PBXFileReference; fileEncoding = 4; lastKnownFileType = sourcecode.c.h; path = DDMathParser.h; sourceTree = "<group>"; };
		049045A8180E2EE9002322FA /* DDMathParserMacros.h */ = {isa = PBXFileReference; fileEncoding = 4; lastKnownFileType = sourcecode.c.h; path = DDMathParserMacros.h; sourceTree = "<group>"; };
		049045A9180E2EE9002322FA /* DDMathStringToken.h */ = {isa = PBXFileReference; fileEncoding = 4; lastKnownFileType = sourcecode.c.h; path = DDMathStringToken.h; sourceTree = "<group>"; };
		049045AA180E2EE9002322FA /* DDMathStringToken.m */ = {isa = PBXFileReference; fileEncoding = 4; lastKnownFileType = sourcecode.c.objc; path = DDMathStringToken.m; sourceTree = "<group>"; };
		049045AB180E2EE9002322FA /* DDMathStringTokenizer.h */ = {isa = PBXFileReference; fileEncoding = 4; lastKnownFileType = sourcecode.c.h; path = DDMathStringTokenizer.h; sourceTree = "<group>"; };
		049045AC180E2EE9002322FA /* DDMathStringTokenizer.m */ = {isa = PBXFileReference; fileEncoding = 4; lastKnownFileType = sourcecode.c.objc; path = DDMathStringTokenizer.m; sourceTree = "<group>"; };
		049045AD180E2EE9002322FA /* DDParser.h */ = {isa = PBXFileReference; fileEncoding = 4; lastKnownFileType = sourcecode.c.h; path = DDParser.h; sourceTree = "<group>"; };
		049045AE180E2EE9002322FA /* DDParser.m */ = {isa = PBXFileReference; fileEncoding = 4; lastKnownFileType = sourcecode.c.objc; path = DDParser.m; sourceTree = "<group>"; };
		049045AF180E2EE9002322FA /* DDParserTypes.h */ = {isa = PBXFileReference; fileEncoding = 4; lastKnownFileType = sourcecode.c.h; path = DDParserTypes.h; sourceTree = "<group>"; };
		049045B0180E2EE9002322FA /* DDParserTypes.m */ = {isa = PBXFileReference; fileEncoding = 4; lastKnownFileType = sourcecode.c.objc; path = DDParserTypes.m; sourceTree = "<group>"; };
		049045B1180E2EE9002322FA /* DDTypes.h */ = {isa = PBXFileReference; fileEncoding = 4; lastKnownFileType = sourcecode.c.h; path = DDTypes.h; sourceTree = "<group>"; };
		049045B2180E2EE9002322FA /* DDTypes.m */ = {isa = PBXFileReference; fileEncoding = 4; lastKnownFileType = sourcecode.c.objc; path = DDTypes.m; sourceTree = "<group>"; };
		049045B3180E2EE9002322FA /* NSString+DDMathParsing.h */ = {isa = PBXFileReference; fileEncoding = 4; lastKnownFileType = sourcecode.c.h; path = "NSString+DDMathParsing.h"; sourceTree = "<group>"; };
		049045B4180E2EE9002322FA /* NSString+DDMathParsing.m */ = {isa = PBXFileReference; fileEncoding = 4; lastKnownFileType = sourcecode.c.objc; path = "NSString+DDMathParsing.m"; sourceTree = "<group>"; };
		049045CB180E3D89002322FA /* gray.png */ = {isa = PBXFileReference; lastKnownFileType = image.png; path = gray.png; sourceTree = "<group>"; };
		049045CC180E3D89002322FA /* gray.xcf */ = {isa = PBXFileReference; lastKnownFileType = file; path = gray.xcf; sourceTree = "<group>"; };
		049045CD180E3D89002322FA /* orange.png */ = {isa = PBXFileReference; lastKnownFileType = image.png; path = orange.png; sourceTree = "<group>"; };
		049045CE180E3D89002322FA /* orange.xcf */ = {isa = PBXFileReference; lastKnownFileType = file; path = orange.xcf; sourceTree = "<group>"; };
		049045CF180E3D89002322FA /* white.png */ = {isa = PBXFileReference; lastKnownFileType = image.png; path = white.png; sourceTree = "<group>"; };
		049045D0180E3D89002322FA /* white.xcf */ = {isa = PBXFileReference; lastKnownFileType = file; path = white.xcf; sourceTree = "<group>"; };
		049045D7180E408D002322FA /* icon120.png */ = {isa = PBXFileReference; lastKnownFileType = image.png; path = icon120.png; sourceTree = "<group>"; };
		049045D9180E4287002322FA /* Portrait2X.png */ = {isa = PBXFileReference; lastKnownFileType = image.png; path = Portrait2X.png; sourceTree = "<group>"; };
		049045DA180E4287002322FA /* Portrait4X.png */ = {isa = PBXFileReference; lastKnownFileType = image.png; path = Portrait4X.png; sourceTree = "<group>"; };
/* End PBXFileReference section */

/* Begin PBXFrameworksBuildPhase section */
		04093F6018029EFD007ECC71 /* Frameworks */ = {
			isa = PBXFrameworksBuildPhase;
			buildActionMask = 2147483647;
			files = (
				04093F6918029EFD007ECC71 /* CoreGraphics.framework in Frameworks */,
				04093F6B18029EFD007ECC71 /* UIKit.framework in Frameworks */,
				04093F6718029EFD007ECC71 /* Foundation.framework in Frameworks */,
			);
			runOnlyForDeploymentPostprocessing = 0;
		};
		04093F8118029EFD007ECC71 /* Frameworks */ = {
			isa = PBXFrameworksBuildPhase;
			buildActionMask = 2147483647;
			files = (
				04093F8618029EFD007ECC71 /* XCTest.framework in Frameworks */,
				04093F8818029EFD007ECC71 /* UIKit.framework in Frameworks */,
				04093F8718029EFD007ECC71 /* Foundation.framework in Frameworks */,
			);
			runOnlyForDeploymentPostprocessing = 0;
		};
/* End PBXFrameworksBuildPhase section */

/* Begin PBXGroup section */
		04093F5A18029EFD007ECC71 = {
			isa = PBXGroup;
			children = (
				049045CA180E3D89002322FA /* images */,
				04093F6C18029EFD007ECC71 /* Calculator */,
				04093F8B18029EFD007ECC71 /* CalculatorTests */,
				04093F6518029EFD007ECC71 /* Frameworks */,
				04093F6418029EFD007ECC71 /* Products */,
			);
			sourceTree = "<group>";
		};
		04093F6418029EFD007ECC71 /* Products */ = {
			isa = PBXGroup;
			children = (
				04093F6318029EFD007ECC71 /* Calculator.app */,
				04093F8418029EFD007ECC71 /* CalculatorTests.xctest */,
			);
			name = Products;
			sourceTree = "<group>";
		};
		04093F6518029EFD007ECC71 /* Frameworks */ = {
			isa = PBXGroup;
			children = (
				04093F6618029EFD007ECC71 /* Foundation.framework */,
				04093F6818029EFD007ECC71 /* CoreGraphics.framework */,
				04093F6A18029EFD007ECC71 /* UIKit.framework */,
				04093F8518029EFD007ECC71 /* XCTest.framework */,
			);
			name = Frameworks;
			sourceTree = "<group>";
		};
		04093F6C18029EFD007ECC71 /* Calculator */ = {
			isa = PBXGroup;
			children = (
				04904587180E2EE9002322FA /* DDMathParser */,
				041A3DA7180BD8CB00505924 /* MathUtil.h */,
				041A3DA8180BD8CB00505924 /* MathUtil.m */,
				04093F7518029EFD007ECC71 /* AppDelegate.h */,
				04093F7618029EFD007ECC71 /* AppDelegate.m */,
				04093F7818029EFD007ECC71 /* Main.storyboard */,
				04093F7B18029EFD007ECC71 /* ViewController.h */,
				04093F7C18029EFD007ECC71 /* ViewController.m */,
				04093F7E18029EFD007ECC71 /* Images.xcassets */,
				04093F6D18029EFD007ECC71 /* Supporting Files */,
			);
			path = Calculator;
			sourceTree = "<group>";
		};
		04093F6D18029EFD007ECC71 /* Supporting Files */ = {
			isa = PBXGroup;
			children = (
				04093F6E18029EFD007ECC71 /* Calculator-Info.plist */,
				04093F6F18029EFD007ECC71 /* InfoPlist.strings */,
				04093F7218029EFD007ECC71 /* main.m */,
				04093F7418029EFD007ECC71 /* Calculator-Prefix.pch */,
			);
			name = "Supporting Files";
			sourceTree = "<group>";
		};
		04093F8B18029EFD007ECC71 /* CalculatorTests */ = {
			isa = PBXGroup;
			children = (
				04093F9118029EFD007ECC71 /* CalculatorTests.m */,
				04093F8C18029EFD007ECC71 /* Supporting Files */,
			);
			path = CalculatorTests;
			sourceTree = "<group>";
		};
		04093F8C18029EFD007ECC71 /* Supporting Files */ = {
			isa = PBXGroup;
			children = (
				04093F8D18029EFD007ECC71 /* CalculatorTests-Info.plist */,
				04093F8E18029EFD007ECC71 /* InfoPlist.strings */,
			);
			name = "Supporting Files";
			sourceTree = "<group>";
		};
		04904587180E2EE9002322FA /* DDMathParser */ = {
			isa = PBXGroup;
			children = (
				04904588180E2EE9002322FA /* _DDFunctionContainer.h */,
				04904589180E2EE9002322FA /* _DDFunctionContainer.m */,
				0490458A180E2EE9002322FA /* _DDFunctionExpression.h */,
				0490458B180E2EE9002322FA /* _DDFunctionExpression.m */,
				0490458C180E2EE9002322FA /* _DDFunctionTerm.h */,
				0490458D180E2EE9002322FA /* _DDFunctionTerm.m */,
				0490458E180E2EE9002322FA /* _DDFunctionUtilities.h */,
				0490458F180E2EE9002322FA /* _DDFunctionUtilities.m */,
				04904590180E2EE9002322FA /* _DDGroupTerm.h */,
				04904591180E2EE9002322FA /* _DDGroupTerm.m */,
				04904592180E2EE9002322FA /* _DDNumberExpression.h */,
				04904593180E2EE9002322FA /* _DDNumberExpression.m */,
				04904594180E2EE9002322FA /* _DDNumberTerm.h */,
				04904595180E2EE9002322FA /* _DDNumberTerm.m */,
				04904596180E2EE9002322FA /* _DDOperatorInfo.h */,
				04904597180E2EE9002322FA /* _DDOperatorInfo.m */,
				04904598180E2EE9002322FA /* _DDOperatorTerm.h */,
				04904599180E2EE9002322FA /* _DDOperatorTerm.m */,
				0490459A180E2EE9002322FA /* _DDParserTerm.h */,
				0490459B180E2EE9002322FA /* _DDParserTerm.m */,
				0490459C180E2EE9002322FA /* _DDRewriteRule.h */,
				0490459D180E2EE9002322FA /* _DDRewriteRule.m */,
				0490459E180E2EE9002322FA /* _DDVariableExpression.h */,
				0490459F180E2EE9002322FA /* _DDVariableExpression.m */,
				049045A0180E2EE9002322FA /* _DDVariableTerm.h */,
				049045A1180E2EE9002322FA /* _DDVariableTerm.m */,
				049045A2180E2EE9002322FA /* DDExpression.h */,
				049045A3180E2EE9002322FA /* DDExpression.m */,
				049045A4180E2EE9002322FA /* DDMathEvaluator+Private.h */,
				049045A5180E2EE9002322FA /* DDMathEvaluator.h */,
				049045A6180E2EE9002322FA /* DDMathEvaluator.m */,
				049045A7180E2EE9002322FA /* DDMathParser.h */,
				049045A8180E2EE9002322FA /* DDMathParserMacros.h */,
				049045A9180E2EE9002322FA /* DDMathStringToken.h */,
				049045AA180E2EE9002322FA /* DDMathStringToken.m */,
				049045AB180E2EE9002322FA /* DDMathStringTokenizer.h */,
				049045AC180E2EE9002322FA /* DDMathStringTokenizer.m */,
				049045AD180E2EE9002322FA /* DDParser.h */,
				049045AE180E2EE9002322FA /* DDParser.m */,
				049045AF180E2EE9002322FA /* DDParserTypes.h */,
				049045B0180E2EE9002322FA /* DDParserTypes.m */,
				049045B1180E2EE9002322FA /* DDTypes.h */,
				049045B2180E2EE9002322FA /* DDTypes.m */,
				049045B3180E2EE9002322FA /* NSString+DDMathParsing.h */,
				049045B4180E2EE9002322FA /* NSString+DDMathParsing.m */,
			);
			path = DDMathParser;
			sourceTree = "<group>";
		};
		049045CA180E3D89002322FA /* images */ = {
			isa = PBXGroup;
			children = (
				049045D9180E4287002322FA /* Portrait2X.png */,
				049045DA180E4287002322FA /* Portrait4X.png */,
				049045D7180E408D002322FA /* icon120.png */,
				049045CB180E3D89002322FA /* gray.png */,
				049045CC180E3D89002322FA /* gray.xcf */,
				049045CD180E3D89002322FA /* orange.png */,
				049045CE180E3D89002322FA /* orange.xcf */,
				049045CF180E3D89002322FA /* white.png */,
				049045D0180E3D89002322FA /* white.xcf */,
			);
			path = images;
			sourceTree = "<group>";
		};
/* End PBXGroup section */

/* Begin PBXNativeTarget section */
		04093F6218029EFD007ECC71 /* Calculator */ = {
			isa = PBXNativeTarget;
			buildConfigurationList = 04093F9518029EFD007ECC71 /* Build configuration list for PBXNativeTarget "Calculator" */;
			buildPhases = (
				04093F5F18029EFD007ECC71 /* Sources */,
				04093F6018029EFD007ECC71 /* Frameworks */,
				04093F6118029EFD007ECC71 /* Resources */,
			);
			buildRules = (
			);
			dependencies = (
			);
			name = Calculator;
			productName = Calculator;
			productReference = 04093F6318029EFD007ECC71 /* Calculator.app */;
			productType = "com.apple.product-type.application";
		};
		04093F8318029EFD007ECC71 /* CalculatorTests */ = {
			isa = PBXNativeTarget;
			buildConfigurationList = 04093F9818029EFD007ECC71 /* Build configuration list for PBXNativeTarget "CalculatorTests" */;
			buildPhases = (
				04093F8018029EFD007ECC71 /* Sources */,
				04093F8118029EFD007ECC71 /* Frameworks */,
				04093F8218029EFD007ECC71 /* Resources */,
			);
			buildRules = (
			);
			dependencies = (
				04093F8A18029EFD007ECC71 /* PBXTargetDependency */,
			);
			name = CalculatorTests;
			productName = CalculatorTests;
			productReference = 04093F8418029EFD007ECC71 /* CalculatorTests.xctest */;
			productType = "com.apple.product-type.bundle.unit-test";
		};
/* End PBXNativeTarget section */

/* Begin PBXProject section */
		04093F5B18029EFD007ECC71 /* Project object */ = {
			isa = PBXProject;
			attributes = {
				LastUpgradeCheck = 0500;
				ORGANIZATIONNAME = Takeshi;
				TargetAttributes = {
					04093F8318029EFD007ECC71 = {
						TestTargetID = 04093F6218029EFD007ECC71;
					};
				};
			};
			buildConfigurationList = 04093F5E18029EFD007ECC71 /* Build configuration list for PBXProject "Calculator" */;
			compatibilityVersion = "Xcode 3.2";
			developmentRegion = English;
			hasScannedForEncodings = 0;
			knownRegions = (
				en,
				Base,
			);
			mainGroup = 04093F5A18029EFD007ECC71;
			productRefGroup = 04093F6418029EFD007ECC71 /* Products */;
			projectDirPath = "";
			projectRoot = "";
			targets = (
				04093F6218029EFD007ECC71 /* Calculator */,
				04093F8318029EFD007ECC71 /* CalculatorTests */,
			);
		};
/* End PBXProject section */

/* Begin PBXResourcesBuildPhase section */
		04093F6118029EFD007ECC71 /* Resources */ = {
			isa = PBXResourcesBuildPhase;
			buildActionMask = 2147483647;
			files = (
				04093F7F18029EFD007ECC71 /* Images.xcassets in Resources */,
				04093F7118029EFD007ECC71 /* InfoPlist.strings in Resources */,
				049045DC180E4287002322FA /* Portrait4X.png in Resources */,
				049045D6180E3D89002322FA /* white.xcf in Resources */,
				049045D1180E3D89002322FA /* gray.png in Resources */,
				04093F7A18029EFD007ECC71 /* Main.storyboard in Resources */,
				049045D4180E3D89002322FA /* orange.xcf in Resources */,
				049045D8180E408D002322FA /* icon120.png in Resources */,
				049045D5180E3D89002322FA /* white.png in Resources */,
				049045DB180E4287002322FA /* Portrait2X.png in Resources */,
				049045D2180E3D89002322FA /* gray.xcf in Resources */,
				049045D3180E3D89002322FA /* orange.png in Resources */,
			);
			runOnlyForDeploymentPostprocessing = 0;
		};
		04093F8218029EFD007ECC71 /* Resources */ = {
			isa = PBXResourcesBuildPhase;
			buildActionMask = 2147483647;
			files = (
				04093F9018029EFD007ECC71 /* InfoPlist.strings in Resources */,
			);
			runOnlyForDeploymentPostprocessing = 0;
		};
/* End PBXResourcesBuildPhase section */

/* Begin PBXSourcesBuildPhase section */
		04093F5F18029EFD007ECC71 /* Sources */ = {
			isa = PBXSourcesBuildPhase;
			buildActionMask = 2147483647;
			files = (
				049045C6180E2EE9002322FA /* DDParser.m in Sources */,
				049045B7180E2EE9002322FA /* _DDFunctionTerm.m in Sources */,
				049045C2180E2EE9002322FA /* DDExpression.m in Sources */,
				04093F7D18029EFD007ECC71 /* ViewController.m in Sources */,
				049045B8180E2EE9002322FA /* _DDFunctionUtilities.m in Sources */,
				049045C7180E2EE9002322FA /* DDParserTypes.m in Sources */,
				049045BB180E2EE9002322FA /* _DDNumberTerm.m in Sources */,
				049045BF180E2EE9002322FA /* _DDRewriteRule.m in Sources */,
				049045BE180E2EE9002322FA /* _DDParserTerm.m in Sources */,
				049045C8180E2EE9002322FA /* DDTypes.m in Sources */,
				049045C9180E2EE9002322FA /* NSString+DDMathParsing.m in Sources */,
				049045B6180E2EE9002322FA /* _DDFunctionExpression.m in Sources */,
				049045C3180E2EE9002322FA /* DDMathEvaluator.m in Sources */,
				041A3DA9180BD8CB00505924 /* MathUtil.m in Sources */,
				04093F7718029EFD007ECC71 /* AppDelegate.m in Sources */,
				049045BC180E2EE9002322FA /* _DDOperatorInfo.m in Sources */,
				049045C1180E2EE9002322FA /* _DDVariableTerm.m in Sources */,
				049045BA180E2EE9002322FA /* _DDNumberExpression.m in Sources */,
				049045B9180E2EE9002322FA /* _DDGroupTerm.m in Sources */,
				049045BD180E2EE9002322FA /* _DDOperatorTerm.m in Sources */,
				049045C4180E2EE9002322FA /* DDMathStringToken.m in Sources */,
				049045C5180E2EE9002322FA /* DDMathStringTokenizer.m in Sources */,
				049045B5180E2EE9002322FA /* _DDFunctionContainer.m in Sources */,
				04093F7318029EFD007ECC71 /* main.m in Sources */,
				049045C0180E2EE9002322FA /* _DDVariableExpression.m in Sources */,
			);
			runOnlyForDeploymentPostprocessing = 0;
		};
		04093F8018029EFD007ECC71 /* Sources */ = {
			isa = PBXSourcesBuildPhase;
			buildActionMask = 2147483647;
			files = (
				04093F9218029EFD007ECC71 /* CalculatorTests.m in Sources */,
			);
			runOnlyForDeploymentPostprocessing = 0;
		};
/* End PBXSourcesBuildPhase section */

/* Begin PBXTargetDependency section */
		04093F8A18029EFD007ECC71 /* PBXTargetDependency */ = {
			isa = PBXTargetDependency;
			target = 04093F6218029EFD007ECC71 /* Calculator */;
			targetProxy = 04093F8918029EFD007ECC71 /* PBXContainerItemProxy */;
		};
/* End PBXTargetDependency section */

/* Begin PBXVariantGroup section */
		04093F6F18029EFD007ECC71 /* InfoPlist.strings */ = {
			isa = PBXVariantGroup;
			children = (
				04093F7018029EFD007ECC71 /* en */,
			);
			name = InfoPlist.strings;
			sourceTree = "<group>";
		};
		04093F7818029EFD007ECC71 /* Main.storyboard */ = {
			isa = PBXVariantGroup;
			children = (
				04093F7918029EFD007ECC71 /* Base */,
			);
			name = Main.storyboard;
			sourceTree = "<group>";
		};
		04093F8E18029EFD007ECC71 /* InfoPlist.strings */ = {
			isa = PBXVariantGroup;
			children = (
				04093F8F18029EFD007ECC71 /* en */,
			);
			name = InfoPlist.strings;
			sourceTree = "<group>";
		};
/* End PBXVariantGroup section */

/* Begin XCBuildConfiguration section */
		04093F9318029EFD007ECC71 /* Debug */ = {
			isa = XCBuildConfiguration;
			buildSettings = {
				ALWAYS_SEARCH_USER_PATHS = NO;
				ARCHS = "$(ARCHS_STANDARD_INCLUDING_64_BIT)";
				CLANG_CXX_LANGUAGE_STANDARD = "gnu++0x";
				CLANG_CXX_LIBRARY = "libc++";
				CLANG_ENABLE_MODULES = YES;
				CLANG_ENABLE_OBJC_ARC = YES;
				CLANG_WARN_BOOL_CONVERSION = YES;
				CLANG_WARN_CONSTANT_CONVERSION = YES;
				CLANG_WARN_DIRECT_OBJC_ISA_USAGE = YES_ERROR;
				CLANG_WARN_EMPTY_BODY = YES;
				CLANG_WARN_ENUM_CONVERSION = YES;
				CLANG_WARN_INT_CONVERSION = YES;
				CLANG_WARN_OBJC_ROOT_CLASS = YES_ERROR;
				CLANG_WARN__DUPLICATE_METHOD_MATCH = YES;
				"CODE_SIGN_IDENTITY[sdk=iphoneos*]" = "iPhone Developer";
				COPY_PHASE_STRIP = NO;
				GCC_C_LANGUAGE_STANDARD = gnu99;
				GCC_DYNAMIC_NO_PIC = NO;
				GCC_OPTIMIZATION_LEVEL = 0;
				GCC_PREPROCESSOR_DEFINITIONS = (
					"DEBUG=1",
					"$(inherited)",
				);
				GCC_SYMBOLS_PRIVATE_EXTERN = NO;
				GCC_WARN_64_TO_32_BIT_CONVERSION = YES;
				GCC_WARN_ABOUT_RETURN_TYPE = YES_ERROR;
				GCC_WARN_UNDECLARED_SELECTOR = YES;
				GCC_WARN_UNINITIALIZED_AUTOS = YES;
				GCC_WARN_UNUSED_FUNCTION = YES;
				GCC_WARN_UNUSED_VARIABLE = YES;
				IPHONEOS_DEPLOYMENT_TARGET = 7.0;
				ONLY_ACTIVE_ARCH = YES;
				SDKROOT = iphoneos;
			};
			name = Debug;
		};
		04093F9418029EFD007ECC71 /* Release */ = {
			isa = XCBuildConfiguration;
			buildSettings = {
				ALWAYS_SEARCH_USER_PATHS = NO;
				ARCHS = "$(ARCHS_STANDARD_INCLUDING_64_BIT)";
				CLANG_CXX_LANGUAGE_STANDARD = "gnu++0x";
				CLANG_CXX_LIBRARY = "libc++";
				CLANG_ENABLE_MODULES = YES;
				CLANG_ENABLE_OBJC_ARC = YES;
				CLANG_WARN_BOOL_CONVERSION = YES;
				CLANG_WARN_CONSTANT_CONVERSION = YES;
				CLANG_WARN_DIRECT_OBJC_ISA_USAGE = YES_ERROR;
				CLANG_WARN_EMPTY_BODY = YES;
				CLANG_WARN_ENUM_CONVERSION = YES;
				CLANG_WARN_INT_CONVERSION = YES;
				CLANG_WARN_OBJC_ROOT_CLASS = YES_ERROR;
				CLANG_WARN__DUPLICATE_METHOD_MATCH = YES;
				"CODE_SIGN_IDENTITY[sdk=iphoneos*]" = "iPhone Developer";
				COPY_PHASE_STRIP = YES;
				ENABLE_NS_ASSERTIONS = NO;
				GCC_C_LANGUAGE_STANDARD = gnu99;
				GCC_WARN_64_TO_32_BIT_CONVERSION = YES;
				GCC_WARN_ABOUT_RETURN_TYPE = YES_ERROR;
				GCC_WARN_UNDECLARED_SELECTOR = YES;
				GCC_WARN_UNINITIALIZED_AUTOS = YES;
				GCC_WARN_UNUSED_FUNCTION = YES;
				GCC_WARN_UNUSED_VARIABLE = YES;
				IPHONEOS_DEPLOYMENT_TARGET = 7.0;
				SDKROOT = iphoneos;
				VALIDATE_PRODUCT = YES;
			};
			name = Release;
		};
		04093F9618029EFD007ECC71 /* Debug */ = {
			isa = XCBuildConfiguration;
			buildSettings = {
				ASSETCATALOG_COMPILER_APPICON_NAME = AppIcon;
				ASSETCATALOG_COMPILER_LAUNCHIMAGE_NAME = LaunchImage;
				CODE_SIGN_IDENTITY = "iPhone Developer: Wei_Jerng Tseng (H6DEM2ZT45)";
				GCC_PRECOMPILE_PREFIX_HEADER = YES;
				GCC_PREFIX_HEADER = "Calculator/Calculator-Prefix.pch";
				INFOPLIST_FILE = "Calculator/Calculator-Info.plist";
				PRODUCT_NAME = "$(TARGET_NAME)";
				TARGETED_DEVICE_FAMILY = 1;
				WRAPPER_EXTENSION = app;
			};
			name = Debug;
		};
		04093F9718029EFD007ECC71 /* Release */ = {
			isa = XCBuildConfiguration;
			buildSettings = {
				ASSETCATALOG_COMPILER_APPICON_NAME = AppIcon;
				ASSETCATALOG_COMPILER_LAUNCHIMAGE_NAME = LaunchImage;
				CODE_SIGN_IDENTITY = "iPhone Developer: Wei_Jerng Tseng (H6DEM2ZT45)";
				GCC_PRECOMPILE_PREFIX_HEADER = YES;
				GCC_PREFIX_HEADER = "Calculator/Calculator-Prefix.pch";
				INFOPLIST_FILE = "Calculator/Calculator-Info.plist";
				PRODUCT_NAME = "$(TARGET_NAME)";
				TARGETED_DEVICE_FAMILY = 1;
				WRAPPER_EXTENSION = app;
			};
			name = Release;
		};
		04093F9918029EFD007ECC71 /* Debug */ = {
			isa = XCBuildConfiguration;
			buildSettings = {
				ARCHS = "$(ARCHS_STANDARD_INCLUDING_64_BIT)";
				BUNDLE_LOADER = "$(BUILT_PRODUCTS_DIR)/Calculator.app/Calculator";
				FRAMEWORK_SEARCH_PATHS = (
					"$(SDKROOT)/Developer/Library/Frameworks",
					"$(inherited)",
					"$(DEVELOPER_FRAMEWORKS_DIR)",
				);
				GCC_PRECOMPILE_PREFIX_HEADER = YES;
				GCC_PREFIX_HEADER = "Calculator/Calculator-Prefix.pch";
				GCC_PREPROCESSOR_DEFINITIONS = (
					"DEBUG=1",
					"$(inherited)",
				);
				INFOPLIST_FILE = "CalculatorTests/CalculatorTests-Info.plist";
				PRODUCT_NAME = "$(TARGET_NAME)";
				TEST_HOST = "$(BUNDLE_LOADER)";
				WRAPPER_EXTENSION = xctest;
			};
			name = Debug;
		};
		04093F9A18029EFD007ECC71 /* Release */ = {
			isa = XCBuildConfiguration;
			buildSettings = {
				ARCHS = "$(ARCHS_STANDARD_INCLUDING_64_BIT)";
				BUNDLE_LOADER = "$(BUILT_PRODUCTS_DIR)/Calculator.app/Calculator";
				FRAMEWORK_SEARCH_PATHS = (
					"$(SDKROOT)/Developer/Library/Frameworks",
					"$(inherited)",
					"$(DEVELOPER_FRAMEWORKS_DIR)",
				);
				GCC_PRECOMPILE_PREFIX_HEADER = YES;
				GCC_PREFIX_HEADER = "Calculator/Calculator-Prefix.pch";
				INFOPLIST_FILE = "CalculatorTests/CalculatorTests-Info.plist";
				PRODUCT_NAME = "$(TARGET_NAME)";
				TEST_HOST = "$(BUNDLE_LOADER)";
				WRAPPER_EXTENSION = xctest;
			};
			name = Release;
		};
/* End XCBuildConfiguration section */

/* Begin XCConfigurationList section */
		04093F5E18029EFD007ECC71 /* Build configuration list for PBXProject "Calculator" */ = {
			isa = XCConfigurationList;
			buildConfigurations = (
				04093F9318029EFD007ECC71 /* Debug */,
				04093F9418029EFD007ECC71 /* Release */,
			);
			defaultConfigurationIsVisible = 0;
			defaultConfigurationName = Release;
		};
		04093F9518029EFD007ECC71 /* Build configuration list for PBXNativeTarget "Calculator" */ = {
			isa = XCConfigurationList;
			buildConfigurations = (
				04093F9618029EFD007ECC71 /* Debug */,
				04093F9718029EFD007ECC71 /* Release */,
			);
			defaultConfigurationIsVisible = 0;
			defaultConfigurationName = Release;
		};
		04093F9818029EFD007ECC71 /* Build configuration list for PBXNativeTarget "CalculatorTests" */ = {
			isa = XCConfigurationList;
			buildConfigurations = (
				04093F9918029EFD007ECC71 /* Debug */,
				04093F9A18029EFD007ECC71 /* Release */,
			);
			defaultConfigurationIsVisible = 0;
			defaultConfigurationName = Release;
		};
/* End XCConfigurationList section */
	};
	rootObject = 04093F5B18029EFD007ECC71 /* Project object */;
}
